
Microsoft Visual Studio Solution File, Format Version 12.00
# Visual Studio Version 16
VisualStudioVersion = 16.0.29728.190
MinimumVisualStudioVersion = 10.0.40219.1
Project("{FAE04EC0-301F-11D3-BF4B-00C04F79EFBC}") = "Homework2", "Homework2\Homework2.csproj", "{6E3A5BAF-7BA8-4696-A50E-014E2BE387BA}"
EndProject
Project("{2150E333-8FDC-42A3-9474-1A3956D46DE8}") = "HW2", "HW2", "{66C336E2-1BAF-4753-AD17-C75C1EE6B614}"
EndProject
Project("{2150E333-8FDC-42A3-9474-1A3956D46DE8}") = "Homework3", "Homework3", "{CDBE1D55-A200-4EC9-8DCA-E6B560A09090}"
EndProject
Project("{FAE04EC0-301F-11D3-BF4B-00C04F79EFBC}") = "Homework3", "Homework3\Homework3.csproj", "{DDDBBF34-EC34-49B2-A903-4E65D82DEC45}"
EndProject
Project("{FAE04EC0-301F-11D3-BF4B-00C04F79EFBC}") = "Homework4", "Homework4\Homework4.csproj", "{383CE6A1-DA28-4EFD-9DE2-FFAE6769091B}"
EndProject
Project("{2150E333-8FDC-42A3-9474-1A3956D46DE8}") = "Homework4", "Homework4", "{DEF60A40-F38F-46EA-8877-620D1380EEC4}"
EndProject
Project("{2150E333-8FDC-42A3-9474-1A3956D46DE8}") = "Homework5", "Homework5", "{73EDF78D-0C7E-4895-A76B-88450BB5E152}"
EndProject
Project("{FAE04EC0-301F-11D3-BF4B-00C04F79EFBC}") = "Homework5", "Homework5\Homework5.csproj", "{19B18AEA-B9FD-4139-ABD5-678F2D13A18F}"
EndProject
Project("{FAE04EC0-301F-11D3-BF4B-00C04F79EFBC}") = "Homework6", "Homework6\Homework6.csproj", "{33BD8B64-AD93-45B6-B1ED-139BB3D768EA}"
EndProject
Project("{2150E333-8FDC-42A3-9474-1A3956D46DE8}") = "Homework6", "Homework6", "{9849F0A5-507F-4829-9DF0-0ECC0EF45497}"
EndProject
Project("{FAE04EC0-301F-11D3-BF4B-00C04F79EFBC}") = "Homework7", "Homework7\Homework7.csproj", "{BED5F88D-7E91-4407-8618-9638992BF791}"
EndProject
Project("{2150E333-8FDC-42A3-9474-1A3956D46DE8}") = "Homework7", "Homework7", "{7CB16D2E-72C7-4793-88C9-43C883F33D8B}"
EndProject
Global
	GlobalSection(SolutionConfigurationPlatforms) = preSolution
		Debug|Any CPU = Debug|Any CPU
		Release|Any CPU = Release|Any CPU
	EndGlobalSection
	GlobalSection(ProjectConfigurationPlatforms) = postSolution
		{6E3A5BAF-7BA8-4696-A50E-014E2BE387BA}.Debug|Any CPU.ActiveCfg = Debug|Any CPU
		{6E3A5BAF-7BA8-4696-A50E-014E2BE387BA}.Debug|Any CPU.Build.0 = Debug|Any CPU
		{6E3A5BAF-7BA8-4696-A50E-014E2BE387BA}.Release|Any CPU.ActiveCfg = Release|Any CPU
		{6E3A5BAF-7BA8-4696-A50E-014E2BE387BA}.Release|Any CPU.Build.0 = Release|Any CPU
		{DDDBBF34-EC34-49B2-A903-4E65D82DEC45}.Debug|Any CPU.ActiveCfg = Debug|Any CPU
		{DDDBBF34-EC34-49B2-A903-4E65D82DEC45}.Debug|Any CPU.Build.0 = Debug|Any CPU
		{DDDBBF34-EC34-49B2-A903-4E65D82DEC45}.Release|Any CPU.ActiveCfg = Release|Any CPU
		{DDDBBF34-EC34-49B2-A903-4E65D82DEC45}.Release|Any CPU.Build.0 = Release|Any CPU
		{383CE6A1-DA28-4EFD-9DE2-FFAE6769091B}.Debug|Any CPU.ActiveCfg = Debug|Any CPU
		{383CE6A1-DA28-4EFD-9DE2-FFAE6769091B}.Debug|Any CPU.Build.0 = Debug|Any CPU
		{383CE6A1-DA28-4EFD-9DE2-FFAE6769091B}.Release|Any CPU.ActiveCfg = Release|Any CPU
		{383CE6A1-DA28-4EFD-9DE2-FFAE6769091B}.Release|Any CPU.Build.0 = Release|Any CPU
		{19B18AEA-B9FD-4139-ABD5-678F2D13A18F}.Debug|Any CPU.ActiveCfg = Debug|Any CPU
		{19B18AEA-B9FD-4139-ABD5-678F2D13A18F}.Debug|Any CPU.Build.0 = Debug|Any CPU
		{19B18AEA-B9FD-4139-ABD5-678F2D13A18F}.Release|Any CPU.ActiveCfg = Release|Any CPU
		{19B18AEA-B9FD-4139-ABD5-678F2D13A18F}.Release|Any CPU.Build.0 = Release|Any CPU
		{33BD8B64-AD93-45B6-B1ED-139BB3D768EA}.Debug|Any CPU.ActiveCfg = Debug|Any CPU
		{33BD8B64-AD93-45B6-B1ED-139BB3D768EA}.Debug|Any CPU.Build.0 = Debug|Any CPU
		{33BD8B64-AD93-45B6-B1ED-139BB3D768EA}.Release|Any CPU.ActiveCfg = Release|Any CPU
		{33BD8B64-AD93-45B6-B1ED-139BB3D768EA}.Release|Any CPU.Build.0 = Release|Any CPU
		{BED5F88D-7E91-4407-8618-9638992BF791}.Debug|Any CPU.ActiveCfg = Debug|Any CPU
		{BED5F88D-7E91-4407-8618-9638992BF791}.Debug|Any CPU.Build.0 = Debug|Any CPU
		{BED5F88D-7E91-4407-8618-9638992BF791}.Release|Any CPU.ActiveCfg = Release|Any CPU
		{BED5F88D-7E91-4407-8618-9638992BF791}.Release|Any CPU.Build.0 = Release|Any CPU
	EndGlobalSection
	GlobalSection(SolutionProperties) = preSolution
		HideSolutionNode = FALSE
	EndGlobalSection
	GlobalSection(NestedProjects) = preSolution
		{6E3A5BAF-7BA8-4696-A50E-014E2BE387BA} = {66C336E2-1BAF-4753-AD17-C75C1EE6B614}
		{DDDBBF34-EC34-49B2-A903-4E65D82DEC45} = {CDBE1D55-A200-4EC9-8DCA-E6B560A09090}
		{383CE6A1-DA28-4EFD-9DE2-FFAE6769091B} = {DEF60A40-F38F-46EA-8877-620D1380EEC4}
		{19B18AEA-B9FD-4139-ABD5-678F2D13A18F} = {73EDF78D-0C7E-4895-A76B-88450BB5E152}
		{33BD8B64-AD93-45B6-B1ED-139BB3D768EA} = {9849F0A5-507F-4829-9DF0-0ECC0EF45497}
		{BED5F88D-7E91-4407-8618-9638992BF791} = {7CB16D2E-72C7-4793-88C9-43C883F33D8B}
	EndGlobalSection
	GlobalSection(ExtensibilityGlobals) = postSolution
		SolutionGuid = {D6C538A3-57CA-436D-AF23-F8737CD36F89}
	EndGlobalSection
EndGlobal
