
Microsoft Visual Studio Solution File, Format Version 12.00
# Visual Studio Version 16
VisualStudioVersion = 16.0.29728.190
MinimumVisualStudioVersion = 10.0.40219.1
Project("{FAE04EC0-301F-11D3-BF4B-00C04F79EFBC}") = "Homework2", "Homework2\Homework2.csproj", "{6E3A5BAF-7BA8-4696-A50E-014E2BE387BA}"
EndProject
Project("{2150E333-8FDC-42A3-9474-1A3956D46DE8}") = "HW2", "HW2", "{66C336E2-1BAF-4753-AD17-C75C1EE6B614}"
EndProject
Global
	GlobalSection(SolutionConfigurationPlatforms) = preSolution
		Debug|Any CPU = Debug|Any CPU
		Release|Any CPU = Release|Any CPU
	EndGlobalSection
	GlobalSection(ProjectConfigurationPlatforms) = postSolution
		{6E3A5BAF-7BA8-4696-A50E-014E2BE387BA}.Debug|Any CPU.ActiveCfg = Debug|Any CPU
		{6E3A5BAF-7BA8-4696-A50E-014E2BE387BA}.Debug|Any CPU.Build.0 = Debug|Any CPU
		{6E3A5BAF-7BA8-4696-A50E-014E2BE387BA}.Release|Any CPU.ActiveCfg = Release|Any CPU
		{6E3A5BAF-7BA8-4696-A50E-014E2BE387BA}.Release|Any CPU.Build.0 = Release|Any CPU
	EndGlobalSection
	GlobalSection(SolutionProperties) = preSolution
		HideSolutionNode = FALSE
	EndGlobalSection
	GlobalSection(NestedProjects) = preSolution
		{6E3A5BAF-7BA8-4696-A50E-014E2BE387BA} = {66C336E2-1BAF-4753-AD17-C75C1EE6B614}
	EndGlobalSection
	GlobalSection(ExtensibilityGlobals) = postSolution
		SolutionGuid = {D6C538A3-57CA-436D-AF23-F8737CD36F89}
	EndGlobalSection
EndGlobal
